// !$*UTF8*$!
{
	archiveVersion = 1;
	classes = {
	};
	objectVersion = 52;
	objects = {

/* Begin PBXBuildFile section */
		BF8FB6D726D530C2005DF712 /* AppDelegate.swift in Sources */ = {isa = PBXBuildFile; fileRef = BF8FB6D626D530C2005DF712 /* AppDelegate.swift */; };
		BF8FB6D926D530C2005DF712 /* SceneDelegate.swift in Sources */ = {isa = PBXBuildFile; fileRef = BF8FB6D826D530C2005DF712 /* SceneDelegate.swift */; };
		BF8FB6DB26D530C2005DF712 /* ViewController.swift in Sources */ = {isa = PBXBuildFile; fileRef = BF8FB6DA26D530C2005DF712 /* ViewController.swift */; };
		BF8FB6DE26D530C2005DF712 /* Main.storyboard in Resources */ = {isa = PBXBuildFile; fileRef = BF8FB6DC26D530C2005DF712 /* Main.storyboard */; };
		BF8FB6E026D530C6005DF712 /* Assets.xcassets in Resources */ = {isa = PBXBuildFile; fileRef = BF8FB6DF26D530C6005DF712 /* Assets.xcassets */; };
		BF8FB6E326D530C6005DF712 /* LaunchScreen.storyboard in Resources */ = {isa = PBXBuildFile; fileRef = BF8FB6E126D530C6005DF712 /* LaunchScreen.storyboard */; };
		BF8FB6ED26D531F9005DF712 /* ProductsViewController.swift in Sources */ = {isa = PBXBuildFile; fileRef = BF8FB6EC26D531F9005DF712 /* ProductsViewController.swift */; };
		BF8FB6F026D681BC005DF712 /* Categories.swift in Sources */ = {isa = PBXBuildFile; fileRef = BF8FB6EF26D681BC005DF712 /* Categories.swift */; };
		BF8FB6F526D681F0005DF712 /* Products.swift in Sources */ = {isa = PBXBuildFile; fileRef = BF8FB6F426D681F0005DF712 /* Products.swift */; };
		BF8FB6F826D6821F005DF712 /* Network.swift in Sources */ = {isa = PBXBuildFile; fileRef = BF8FB6F726D6821F005DF712 /* Network.swift */; };
		BF8FB6FB26D6AB63005DF712 /* ProductsTableViewCell.swift in Sources */ = {isa = PBXBuildFile; fileRef = BF8FB6FA26D6AB63005DF712 /* ProductsTableViewCell.swift */; };
		BF8FB70126D6BEC4005DF712 /* DetailProductViewController.swift in Sources */ = {isa = PBXBuildFile; fileRef = BF8FB70026D6BEC4005DF712 /* DetailProductViewController.swift */; };
		BF8FB71E26D6CE6F005DF712 /* SnapKit in Frameworks */ = {isa = PBXBuildFile; productRef = BF8FB71D26D6CE6F005DF712 /* SnapKit */; };
/* End PBXBuildFile section */

/* Begin PBXFileReference section */
		BF8FB6D326D530C2005DF712 /* skyweb_testovoe.app */ = {isa = PBXFileReference; explicitFileType = wrapper.application; includeInIndex = 0; path = skyweb_testovoe.app; sourceTree = BUILT_PRODUCTS_DIR; };
		BF8FB6D626D530C2005DF712 /* AppDelegate.swift */ = {isa = PBXFileReference; lastKnownFileType = sourcecode.swift; path = AppDelegate.swift; sourceTree = "<group>"; };
		BF8FB6D826D530C2005DF712 /* SceneDelegate.swift */ = {isa = PBXFileReference; lastKnownFileType = sourcecode.swift; path = SceneDelegate.swift; sourceTree = "<group>"; };
		BF8FB6DA26D530C2005DF712 /* ViewController.swift */ = {isa = PBXFileReference; lastKnownFileType = sourcecode.swift; path = ViewController.swift; sourceTree = "<group>"; };
		BF8FB6DD26D530C2005DF712 /* Base */ = {isa = PBXFileReference; lastKnownFileType = file.storyboard; name = Base; path = Base.lproj/Main.storyboard; sourceTree = "<group>"; };
		BF8FB6DF26D530C6005DF712 /* Assets.xcassets */ = {isa = PBXFileReference; lastKnownFileType = folder.assetcatalog; path = Assets.xcassets; sourceTree = "<group>"; };
		BF8FB6E226D530C6005DF712 /* Base */ = {isa = PBXFileReference; lastKnownFileType = file.storyboard; name = Base; path = Base.lproj/LaunchScreen.storyboard; sourceTree = "<group>"; };
		BF8FB6E426D530C6005DF712 /* Info.plist */ = {isa = PBXFileReference; lastKnownFileType = text.plist.xml; path = Info.plist; sourceTree = "<group>"; };
		BF8FB6EC26D531F9005DF712 /* ProductsViewController.swift */ = {isa = PBXFileReference; lastKnownFileType = sourcecode.swift; path = ProductsViewController.swift; sourceTree = "<group>"; };
		BF8FB6EF26D681BC005DF712 /* Categories.swift */ = {isa = PBXFileReference; lastKnownFileType = sourcecode.swift; path = Categories.swift; sourceTree = "<group>"; };
		BF8FB6F426D681F0005DF712 /* Products.swift */ = {isa = PBXFileReference; lastKnownFileType = sourcecode.swift; path = Products.swift; sourceTree = "<group>"; };
		BF8FB6F726D6821F005DF712 /* Network.swift */ = {isa = PBXFileReference; lastKnownFileType = sourcecode.swift; path = Network.swift; sourceTree = "<group>"; };
		BF8FB6FA26D6AB63005DF712 /* ProductsTableViewCell.swift */ = {isa = PBXFileReference; lastKnownFileType = sourcecode.swift; path = ProductsTableViewCell.swift; sourceTree = "<group>"; };
		BF8FB70026D6BEC4005DF712 /* DetailProductViewController.swift */ = {isa = PBXFileReference; lastKnownFileType = sourcecode.swift; path = DetailProductViewController.swift; sourceTree = "<group>"; };
/* End PBXFileReference section */

/* Begin PBXFrameworksBuildPhase section */
		BF8FB6D026D530C2005DF712 /* Frameworks */ = {
			isa = PBXFrameworksBuildPhase;
			buildActionMask = 2147483647;
			files = (
				BF8FB71E26D6CE6F005DF712 /* SnapKit in Frameworks */,
			);
			runOnlyForDeploymentPostprocessing = 0;
		};
/* End PBXFrameworksBuildPhase section */

/* Begin PBXGroup section */
		BF8FB6CA26D530C2005DF712 = {
			isa = PBXGroup;
			children = (
				BF8FB6D526D530C2005DF712 /* skyweb_testovoe */,
				BF8FB6D426D530C2005DF712 /* Products */,
			);
			sourceTree = "<group>";
		};
		BF8FB6D426D530C2005DF712 /* Products */ = {
			isa = PBXGroup;
			children = (
				BF8FB6D326D530C2005DF712 /* skyweb_testovoe.app */,
			);
			name = Products;
			sourceTree = "<group>";
		};
		BF8FB6D526D530C2005DF712 /* skyweb_testovoe */ = {
			isa = PBXGroup;
			children = (
				BF8FB72426D7C729005DF712 /* Delegates */,
				BF8FB71826D6C5E6005DF712 /* Service */,
				BF8FB70326D6BECD005DF712 /* Controller */,
				BF8FB6FD26D6BA5D005DF712 /* View */,
				BF8FB6F226D681D1005DF712 /* Model */,
				BF8FB6DF26D530C6005DF712 /* Assets.xcassets */,
				BF8FB6E126D530C6005DF712 /* LaunchScreen.storyboard */,
				BF8FB6E426D530C6005DF712 /* Info.plist */,
			);
			path = skyweb_testovoe;
			sourceTree = "<group>";
		};
		BF8FB6F226D681D1005DF712 /* Model */ = {
			isa = PBXGroup;
			children = (
				BF8FB6EF26D681BC005DF712 /* Categories.swift */,
				BF8FB6F426D681F0005DF712 /* Products.swift */,
			);
			path = Model;
			sourceTree = "<group>";
		};
		BF8FB6FD26D6BA5D005DF712 /* View */ = {
			isa = PBXGroup;
			children = (
				BF8FB6DC26D530C2005DF712 /* Main.storyboard */,
				BF8FB6FA26D6AB63005DF712 /* ProductsTableViewCell.swift */,
			);
			path = View;
			sourceTree = "<group>";
		};
		BF8FB70326D6BECD005DF712 /* Controller */ = {
			isa = PBXGroup;
			children = (
				BF8FB6DA26D530C2005DF712 /* ViewController.swift */,
				BF8FB6EC26D531F9005DF712 /* ProductsViewController.swift */,
				BF8FB70026D6BEC4005DF712 /* DetailProductViewController.swift */,
			);
			path = Controller;
			sourceTree = "<group>";
		};
		BF8FB71826D6C5E6005DF712 /* Service */ = {
			isa = PBXGroup;
			children = (
				BF8FB6F726D6821F005DF712 /* Network.swift */,
			);
			path = Service;
			sourceTree = "<group>";
		};
		BF8FB72426D7C729005DF712 /* Delegates */ = {
			isa = PBXGroup;
			children = (
				BF8FB6D626D530C2005DF712 /* AppDelegate.swift */,
				BF8FB6D826D530C2005DF712 /* SceneDelegate.swift */,
			);
			path = Delegates;
			sourceTree = "<group>";
		};
/* End PBXGroup section */

/* Begin PBXNativeTarget section */
		BF8FB6D226D530C2005DF712 /* skyweb_testovoe */ = {
			isa = PBXNativeTarget;
			buildConfigurationList = BF8FB6E726D530C6005DF712 /* Build configuration list for PBXNativeTarget "skyweb_testovoe" */;
			buildPhases = (
				BF8FB6CF26D530C2005DF712 /* Sources */,
				BF8FB6D026D530C2005DF712 /* Frameworks */,
				BF8FB6D126D530C2005DF712 /* Resources */,
			);
			buildRules = (
			);
			dependencies = (
			);
			name = skyweb_testovoe;
			packageProductDependencies = (
				BF8FB71D26D6CE6F005DF712 /* SnapKit */,
			);
			productName = skyweb_testovoe;
			productReference = BF8FB6D326D530C2005DF712 /* skyweb_testovoe.app */;
			productType = "com.apple.product-type.application";
		};
/* End PBXNativeTarget section */

/* Begin PBXProject section */
		BF8FB6CB26D530C2005DF712 /* Project object */ = {
			isa = PBXProject;
			attributes = {
				LastSwiftUpdateCheck = 1230;
				LastUpgradeCheck = 1230;
				TargetAttributes = {
					BF8FB6D226D530C2005DF712 = {
						CreatedOnToolsVersion = 12.3;
					};
				};
			};
			buildConfigurationList = BF8FB6CE26D530C2005DF712 /* Build configuration list for PBXProject "skyweb_testovoe" */;
			compatibilityVersion = "Xcode 9.3";
			developmentRegion = en;
			hasScannedForEncodings = 0;
			knownRegions = (
				en,
				Base,
			);
			mainGroup = BF8FB6CA26D530C2005DF712;
			packageReferences = (
				BF8FB71C26D6CE6F005DF712 /* XCRemoteSwiftPackageReference "SnapKit" */,
			);
			productRefGroup = BF8FB6D426D530C2005DF712 /* Products */;
			projectDirPath = "";
			projectRoot = "";
			targets = (
				BF8FB6D226D530C2005DF712 /* skyweb_testovoe */,
			);
		};
/* End PBXProject section */

/* Begin PBXResourcesBuildPhase section */
		BF8FB6D126D530C2005DF712 /* Resources */ = {
			isa = PBXResourcesBuildPhase;
			buildActionMask = 2147483647;
			files = (
				BF8FB6E326D530C6005DF712 /* LaunchScreen.storyboard in Resources */,
				BF8FB6E026D530C6005DF712 /* Assets.xcassets in Resources */,
				BF8FB6DE26D530C2005DF712 /* Main.storyboard in Resources */,
			);
			runOnlyForDeploymentPostprocessing = 0;
		};
/* End PBXResourcesBuildPhase section */

/* Begin PBXSourcesBuildPhase section */
		BF8FB6CF26D530C2005DF712 /* Sources */ = {
			isa = PBXSourcesBuildPhase;
			buildActionMask = 2147483647;
			files = (
				BF8FB6DB26D530C2005DF712 /* ViewController.swift in Sources */,
				BF8FB6D726D530C2005DF712 /* AppDelegate.swift in Sources */,
				BF8FB6F026D681BC005DF712 /* Categories.swift in Sources */,
				BF8FB6F526D681F0005DF712 /* Products.swift in Sources */,
				BF8FB6ED26D531F9005DF712 /* ProductsViewController.swift in Sources */,
				BF8FB6FB26D6AB63005DF712 /* ProductsTableViewCell.swift in Sources */,
				BF8FB70126D6BEC4005DF712 /* DetailProductViewController.swift in Sources */,
				BF8FB6F826D6821F005DF712 /* Network.swift in Sources */,
				BF8FB6D926D530C2005DF712 /* SceneDelegate.swift in Sources */,
			);
			runOnlyForDeploymentPostprocessing = 0;
		};
/* End PBXSourcesBuildPhase section */

/* Begin PBXVariantGroup section */
		BF8FB6DC26D530C2005DF712 /* Main.storyboard */ = {
			isa = PBXVariantGroup;
			children = (
				BF8FB6DD26D530C2005DF712 /* Base */,
			);
			name = Main.storyboard;
			sourceTree = "<group>";
		};
		BF8FB6E126D530C6005DF712 /* LaunchScreen.storyboard */ = {
			isa = PBXVariantGroup;
			children = (
				BF8FB6E226D530C6005DF712 /* Base */,
			);
			name = LaunchScreen.storyboard;
			sourceTree = "<group>";
		};
/* End PBXVariantGroup section */

/* Begin XCBuildConfiguration section */
		BF8FB6E526D530C6005DF712 /* Debug */ = {
			isa = XCBuildConfiguration;
			buildSettings = {
				ALWAYS_SEARCH_USER_PATHS = NO;
				CLANG_ANALYZER_NONNULL = YES;
				CLANG_ANALYZER_NUMBER_OBJECT_CONVERSION = YES_AGGRESSIVE;
				CLANG_CXX_LANGUAGE_STANDARD = "gnu++14";
				CLANG_CXX_LIBRARY = "libc++";
				CLANG_ENABLE_MODULES = YES;
				CLANG_ENABLE_OBJC_ARC = YES;
				CLANG_ENABLE_OBJC_WEAK = YES;
				CLANG_WARN_BLOCK_CAPTURE_AUTORELEASING = YES;
				CLANG_WARN_BOOL_CONVERSION = YES;
				CLANG_WARN_COMMA = YES;
				CLANG_WARN_CONSTANT_CONVERSION = YES;
				CLANG_WARN_DEPRECATED_OBJC_IMPLEMENTATIONS = YES;
				CLANG_WARN_DIRECT_OBJC_ISA_USAGE = YES_ERROR;
				CLANG_WARN_DOCUMENTATION_COMMENTS = YES;
				CLANG_WARN_EMPTY_BODY = YES;
				CLANG_WARN_ENUM_CONVERSION = YES;
				CLANG_WARN_INFINITE_RECURSION = YES;
				CLANG_WARN_INT_CONVERSION = YES;
				CLANG_WARN_NON_LITERAL_NULL_CONVERSION = YES;
				CLANG_WARN_OBJC_IMPLICIT_RETAIN_SELF = YES;
				CLANG_WARN_OBJC_LITERAL_CONVERSION = YES;
				CLANG_WARN_OBJC_ROOT_CLASS = YES_ERROR;
				CLANG_WARN_QUOTED_INCLUDE_IN_FRAMEWORK_HEADER = YES;
				CLANG_WARN_RANGE_LOOP_ANALYSIS = YES;
				CLANG_WARN_STRICT_PROTOTYPES = YES;
				CLANG_WARN_SUSPICIOUS_MOVE = YES;
				CLANG_WARN_UNGUARDED_AVAILABILITY = YES_AGGRESSIVE;
				CLANG_WARN_UNREACHABLE_CODE = YES;
				CLANG_WARN__DUPLICATE_METHOD_MATCH = YES;
				COPY_PHASE_STRIP = NO;
				DEBUG_INFORMATION_FORMAT = dwarf;
				ENABLE_STRICT_OBJC_MSGSEND = YES;
				ENABLE_TESTABILITY = YES;
				GCC_C_LANGUAGE_STANDARD = gnu11;
				GCC_DYNAMIC_NO_PIC = NO;
				GCC_NO_COMMON_BLOCKS = YES;
				GCC_OPTIMIZATION_LEVEL = 0;
				GCC_PREPROCESSOR_DEFINITIONS = (
					"DEBUG=1",
					"$(inherited)",
				);
				GCC_WARN_64_TO_32_BIT_CONVERSION = YES;
				GCC_WARN_ABOUT_RETURN_TYPE = YES_ERROR;
				GCC_WARN_UNDECLARED_SELECTOR = YES;
				GCC_WARN_UNINITIALIZED_AUTOS = YES_AGGRESSIVE;
				GCC_WARN_UNUSED_FUNCTION = YES;
				GCC_WARN_UNUSED_VARIABLE = YES;
				IPHONEOS_DEPLOYMENT_TARGET = 14.3;
				MTL_ENABLE_DEBUG_INFO = INCLUDE_SOURCE;
				MTL_FAST_MATH = YES;
				ONLY_ACTIVE_ARCH = YES;
				SDKROOT = iphoneos;
				SWIFT_ACTIVE_COMPILATION_CONDITIONS = DEBUG;
				SWIFT_OPTIMIZATION_LEVEL = "-Onone";
			};
			name = Debug;
		};
		BF8FB6E626D530C6005DF712 /* Release */ = {
			isa = XCBuildConfiguration;
			buildSettings = {
				ALWAYS_SEARCH_USER_PATHS = NO;
				CLANG_ANALYZER_NONNULL = YES;
				CLANG_ANALYZER_NUMBER_OBJECT_CONVERSION = YES_AGGRESSIVE;
				CLANG_CXX_LANGUAGE_STANDARD = "gnu++14";
				CLANG_CXX_LIBRARY = "libc++";
				CLANG_ENABLE_MODULES = YES;
				CLANG_ENABLE_OBJC_ARC = YES;
				CLANG_ENABLE_OBJC_WEAK = YES;
				CLANG_WARN_BLOCK_CAPTURE_AUTORELEASING = YES;
				CLANG_WARN_BOOL_CONVERSION = YES;
				CLANG_WARN_COMMA = YES;
				CLANG_WARN_CONSTANT_CONVERSION = YES;
				CLANG_WARN_DEPRECATED_OBJC_IMPLEMENTATIONS = YES;
				CLANG_WARN_DIRECT_OBJC_ISA_USAGE = YES_ERROR;
				CLANG_WARN_DOCUMENTATION_COMMENTS = YES;
				CLANG_WARN_EMPTY_BODY = YES;
				CLANG_WARN_ENUM_CONVERSION = YES;
				CLANG_WARN_INFINITE_RECURSION = YES;
				CLANG_WARN_INT_CONVERSION = YES;
				CLANG_WARN_NON_LITERAL_NULL_CONVERSION = YES;
				CLANG_WARN_OBJC_IMPLICIT_RETAIN_SELF = YES;
				CLANG_WARN_OBJC_LITERAL_CONVERSION = YES;
				CLANG_WARN_OBJC_ROOT_CLASS = YES_ERROR;
				CLANG_WARN_QUOTED_INCLUDE_IN_FRAMEWORK_HEADER = YES;
				CLANG_WARN_RANGE_LOOP_ANALYSIS = YES;
				CLANG_WARN_STRICT_PROTOTYPES = YES;
				CLANG_WARN_SUSPICIOUS_MOVE = YES;
				CLANG_WARN_UNGUARDED_AVAILABILITY = YES_AGGRESSIVE;
				CLANG_WARN_UNREACHABLE_CODE = YES;
				CLANG_WARN__DUPLICATE_METHOD_MATCH = YES;
				COPY_PHASE_STRIP = NO;
				DEBUG_INFORMATION_FORMAT = "dwarf-with-dsym";
				ENABLE_NS_ASSERTIONS = NO;
				ENABLE_STRICT_OBJC_MSGSEND = YES;
				GCC_C_LANGUAGE_STANDARD = gnu11;
				GCC_NO_COMMON_BLOCKS = YES;
				GCC_WARN_64_TO_32_BIT_CONVERSION = YES;
				GCC_WARN_ABOUT_RETURN_TYPE = YES_ERROR;
				GCC_WARN_UNDECLARED_SELECTOR = YES;
				GCC_WARN_UNINITIALIZED_AUTOS = YES_AGGRESSIVE;
				GCC_WARN_UNUSED_FUNCTION = YES;
				GCC_WARN_UNUSED_VARIABLE = YES;
				IPHONEOS_DEPLOYMENT_TARGET = 14.3;
				MTL_ENABLE_DEBUG_INFO = NO;
				MTL_FAST_MATH = YES;
				SDKROOT = iphoneos;
				SWIFT_COMPILATION_MODE = wholemodule;
				SWIFT_OPTIMIZATION_LEVEL = "-O";
				VALIDATE_PRODUCT = YES;
			};
			name = Release;
		};
		BF8FB6E826D530C6005DF712 /* Debug */ = {
			isa = XCBuildConfiguration;
			buildSettings = {
				ASSETCATALOG_COMPILER_APPICON_NAME = AppIcon;
				ASSETCATALOG_COMPILER_GLOBAL_ACCENT_COLOR_NAME = AccentColor;
				CODE_SIGN_STYLE = Automatic;
				DEVELOPMENT_TEAM = 59S49A5L67;
				INFOPLIST_FILE = skyweb_testovoe/Info.plist;
				LD_RUNPATH_SEARCH_PATHS = (
					"$(inherited)",
					"@executable_path/Frameworks",
				);
				PRODUCT_BUNDLE_IDENTIFIER = "petar.skyweb-testovoe";
				PRODUCT_NAME = "$(TARGET_NAME)";
				SWIFT_VERSION = 5.0;
				TARGETED_DEVICE_FAMILY = "1,2";
			};
			name = Debug;
		};
		BF8FB6E926D530C6005DF712 /* Release */ = {
			isa = XCBuildConfiguration;
			buildSettings = {
				ASSETCATALOG_COMPILER_APPICON_NAME = AppIcon;
				ASSETCATALOG_COMPILER_GLOBAL_ACCENT_COLOR_NAME = AccentColor;
				CODE_SIGN_STYLE = Automatic;
				DEVELOPMENT_TEAM = 59S49A5L67;
				INFOPLIST_FILE = skyweb_testovoe/Info.plist;
				LD_RUNPATH_SEARCH_PATHS = (
					"$(inherited)",
					"@executable_path/Frameworks",
				);
				PRODUCT_BUNDLE_IDENTIFIER = "petar.skyweb-testovoe";
				PRODUCT_NAME = "$(TARGET_NAME)";
				SWIFT_VERSION = 5.0;
				TARGETED_DEVICE_FAMILY = "1,2";
			};
			name = Release;
		};
/* End XCBuildConfiguration section */

/* Begin XCConfigurationList section */
		BF8FB6CE26D530C2005DF712 /* Build configuration list for PBXProject "skyweb_testovoe" */ = {
			isa = XCConfigurationList;
			buildConfigurations = (
				BF8FB6E526D530C6005DF712 /* Debug */,
				BF8FB6E626D530C6005DF712 /* Release */,
			);
			defaultConfigurationIsVisible = 0;
			defaultConfigurationName = Release;
		};
		BF8FB6E726D530C6005DF712 /* Build configuration list for PBXNativeTarget "skyweb_testovoe" */ = {
			isa = XCConfigurationList;
			buildConfigurations = (
				BF8FB6E826D530C6005DF712 /* Debug */,
				BF8FB6E926D530C6005DF712 /* Release */,
			);
			defaultConfigurationIsVisible = 0;
			defaultConfigurationName = Release;
		};
/* End XCConfigurationList section */

/* Begin XCRemoteSwiftPackageReference section */
		BF8FB71C26D6CE6F005DF712 /* XCRemoteSwiftPackageReference "SnapKit" */ = {
			isa = XCRemoteSwiftPackageReference;
			repositoryURL = "https://github.com/SnapKit/SnapKit";
			requirement = {
				kind = upToNextMajorVersion;
				minimumVersion = 5.0.1;
			};
		};
/* End XCRemoteSwiftPackageReference section */

/* Begin XCSwiftPackageProductDependency section */
		BF8FB71D26D6CE6F005DF712 /* SnapKit */ = {
			isa = XCSwiftPackageProductDependency;
			package = BF8FB71C26D6CE6F005DF712 /* XCRemoteSwiftPackageReference "SnapKit" */;
			productName = SnapKit;
		};
/* End XCSwiftPackageProductDependency section */
	};
	rootObject = BF8FB6CB26D530C2005DF712 /* Project object */;
}
